// !$*UTF8*$!
{
	archiveVersion = 1;
	classes = {
	};
	objectVersion = 48;
	objects = {

/* Begin PBXBuildFile section */
		597174622035953A009F2EB3 /* AppDelegate.swift in Sources */ = {isa = PBXBuildFile; fileRef = 597174612035953A009F2EB3 /* AppDelegate.swift */; };
		597174642035953A009F2EB3 /* ViewController.swift in Sources */ = {isa = PBXBuildFile; fileRef = 597174632035953A009F2EB3 /* ViewController.swift */; };
		597174672035953B009F2EB3 /* Main.storyboard in Resources */ = {isa = PBXBuildFile; fileRef = 597174652035953B009F2EB3 /* Main.storyboard */; };
		5971746A2035953B009F2EB3 /* TelstraTest_iOS.xcdatamodeld in Sources */ = {isa = PBXBuildFile; fileRef = 597174682035953B009F2EB3 /* TelstraTest_iOS.xcdatamodeld */; };
		5971746C2035953B009F2EB3 /* Assets.xcassets in Resources */ = {isa = PBXBuildFile; fileRef = 5971746B2035953B009F2EB3 /* Assets.xcassets */; };
		5971746F2035953B009F2EB3 /* LaunchScreen.storyboard in Resources */ = {isa = PBXBuildFile; fileRef = 5971746D2035953B009F2EB3 /* LaunchScreen.storyboard */; };
		5971747A2035953B009F2EB3 /* TelstraTest_iOSTests.swift in Sources */ = {isa = PBXBuildFile; fileRef = 597174792035953B009F2EB3 /* TelstraTest_iOSTests.swift */; };
		597174852035953B009F2EB3 /* TelstraTest_iOSUITests.swift in Sources */ = {isa = PBXBuildFile; fileRef = 597174842035953B009F2EB3 /* TelstraTest_iOSUITests.swift */; };
/* End PBXBuildFile section */

/* Begin PBXContainerItemProxy section */
		597174762035953B009F2EB3 /* PBXContainerItemProxy */ = {
			isa = PBXContainerItemProxy;
			containerPortal = 597174562035953A009F2EB3 /* Project object */;
			proxyType = 1;
			remoteGlobalIDString = 5971745D2035953A009F2EB3;
			remoteInfo = "TelstraTest-iOS";
		};
		597174812035953B009F2EB3 /* PBXContainerItemProxy */ = {
			isa = PBXContainerItemProxy;
			containerPortal = 597174562035953A009F2EB3 /* Project object */;
			proxyType = 1;
			remoteGlobalIDString = 5971745D2035953A009F2EB3;
			remoteInfo = "TelstraTest-iOS";
		};
/* End PBXContainerItemProxy section */

/* Begin PBXFileReference section */
		5971745E2035953A009F2EB3 /* TelstraTest-iOS.app */ = {isa = PBXFileReference; explicitFileType = wrapper.application; includeInIndex = 0; path = "TelstraTest-iOS.app"; sourceTree = BUILT_PRODUCTS_DIR; };
		597174612035953A009F2EB3 /* AppDelegate.swift */ = {isa = PBXFileReference; lastKnownFileType = sourcecode.swift; path = AppDelegate.swift; sourceTree = "<group>"; };
		597174632035953A009F2EB3 /* ViewController.swift */ = {isa = PBXFileReference; lastKnownFileType = sourcecode.swift; path = ViewController.swift; sourceTree = "<group>"; };
		597174662035953B009F2EB3 /* Base */ = {isa = PBXFileReference; lastKnownFileType = file.storyboard; name = Base; path = Base.lproj/Main.storyboard; sourceTree = "<group>"; };
		597174692035953B009F2EB3 /* TelstraTest_iOS.xcdatamodel */ = {isa = PBXFileReference; lastKnownFileType = wrapper.xcdatamodel; path = TelstraTest_iOS.xcdatamodel; sourceTree = "<group>"; };
		5971746B2035953B009F2EB3 /* Assets.xcassets */ = {isa = PBXFileReference; lastKnownFileType = folder.assetcatalog; path = Assets.xcassets; sourceTree = "<group>"; };
		5971746E2035953B009F2EB3 /* Base */ = {isa = PBXFileReference; lastKnownFileType = file.storyboard; name = Base; path = Base.lproj/LaunchScreen.storyboard; sourceTree = "<group>"; };
		597174702035953B009F2EB3 /* Info.plist */ = {isa = PBXFileReference; lastKnownFileType = text.plist.xml; path = Info.plist; sourceTree = "<group>"; };
		597174752035953B009F2EB3 /* TelstraTest-iOSTests.xctest */ = {isa = PBXFileReference; explicitFileType = wrapper.cfbundle; includeInIndex = 0; path = "TelstraTest-iOSTests.xctest"; sourceTree = BUILT_PRODUCTS_DIR; };
		597174792035953B009F2EB3 /* TelstraTest_iOSTests.swift */ = {isa = PBXFileReference; lastKnownFileType = sourcecode.swift; path = TelstraTest_iOSTests.swift; sourceTree = "<group>"; };
		5971747B2035953B009F2EB3 /* Info.plist */ = {isa = PBXFileReference; lastKnownFileType = text.plist.xml; path = Info.plist; sourceTree = "<group>"; };
		597174802035953B009F2EB3 /* TelstraTest-iOSUITests.xctest */ = {isa = PBXFileReference; explicitFileType = wrapper.cfbundle; includeInIndex = 0; path = "TelstraTest-iOSUITests.xctest"; sourceTree = BUILT_PRODUCTS_DIR; };
		597174842035953B009F2EB3 /* TelstraTest_iOSUITests.swift */ = {isa = PBXFileReference; lastKnownFileType = sourcecode.swift; path = TelstraTest_iOSUITests.swift; sourceTree = "<group>"; };
		597174862035953B009F2EB3 /* Info.plist */ = {isa = PBXFileReference; lastKnownFileType = text.plist.xml; path = Info.plist; sourceTree = "<group>"; };
/* End PBXFileReference section */

/* Begin PBXFrameworksBuildPhase section */
		5971745B2035953A009F2EB3 /* Frameworks */ = {
			isa = PBXFrameworksBuildPhase;
			buildActionMask = 2147483647;
			files = (
			);
			runOnlyForDeploymentPostprocessing = 0;
		};
		597174722035953B009F2EB3 /* Frameworks */ = {
			isa = PBXFrameworksBuildPhase;
			buildActionMask = 2147483647;
			files = (
			);
			runOnlyForDeploymentPostprocessing = 0;
		};
		5971747D2035953B009F2EB3 /* Frameworks */ = {
			isa = PBXFrameworksBuildPhase;
			buildActionMask = 2147483647;
			files = (
			);
			runOnlyForDeploymentPostprocessing = 0;
		};
/* End PBXFrameworksBuildPhase section */

/* Begin PBXGroup section */
		597174552035953A009F2EB3 = {
			isa = PBXGroup;
			children = (
				597174602035953A009F2EB3 /* TelstraTest-iOS */,
				597174782035953B009F2EB3 /* TelstraTest-iOSTests */,
				597174832035953B009F2EB3 /* TelstraTest-iOSUITests */,
				5971745F2035953A009F2EB3 /* Products */,
			);
			sourceTree = "<group>";
		};
		5971745F2035953A009F2EB3 /* Products */ = {
			isa = PBXGroup;
			children = (
				5971745E2035953A009F2EB3 /* TelstraTest-iOS.app */,
				597174752035953B009F2EB3 /* TelstraTest-iOSTests.xctest */,
				597174802035953B009F2EB3 /* TelstraTest-iOSUITests.xctest */,
			);
			name = Products;
			sourceTree = "<group>";
		};
		597174602035953A009F2EB3 /* TelstraTest-iOS */ = {
			isa = PBXGroup;
			children = (
				59717492203595AE009F2EB3 /* Network */,
				597174612035953A009F2EB3 /* AppDelegate.swift */,
				597174632035953A009F2EB3 /* ViewController.swift */,
				597174652035953B009F2EB3 /* Main.storyboard */,
				5971746B2035953B009F2EB3 /* Assets.xcassets */,
				5971746D2035953B009F2EB3 /* LaunchScreen.storyboard */,
				597174702035953B009F2EB3 /* Info.plist */,
				597174682035953B009F2EB3 /* TelstraTest_iOS.xcdatamodeld */,
			);
			path = "TelstraTest-iOS";
			sourceTree = "<group>";
		};
		597174782035953B009F2EB3 /* TelstraTest-iOSTests */ = {
			isa = PBXGroup;
			children = (
				597174792035953B009F2EB3 /* TelstraTest_iOSTests.swift */,
				5971747B2035953B009F2EB3 /* Info.plist */,
			);
			path = "TelstraTest-iOSTests";
			sourceTree = "<group>";
		};
		597174832035953B009F2EB3 /* TelstraTest-iOSUITests */ = {
			isa = PBXGroup;
			children = (
				597174842035953B009F2EB3 /* TelstraTest_iOSUITests.swift */,
				597174862035953B009F2EB3 /* Info.plist */,
			);
			path = "TelstraTest-iOSUITests";
			sourceTree = "<group>";
		};
		59717492203595AE009F2EB3 /* Network */ = {
			isa = PBXGroup;
			children = (
			);
			path = Network;
			sourceTree = "<group>";
		};
/* End PBXGroup section */

/* Begin PBXNativeTarget section */
		5971745D2035953A009F2EB3 /* TelstraTest-iOS */ = {
			isa = PBXNativeTarget;
			buildConfigurationList = 597174892035953B009F2EB3 /* Build configuration list for PBXNativeTarget "TelstraTest-iOS" */;
			buildPhases = (
				5971745A2035953A009F2EB3 /* Sources */,
				5971745B2035953A009F2EB3 /* Frameworks */,
				5971745C2035953A009F2EB3 /* Resources */,
			);
			buildRules = (
			);
			dependencies = (
			);
			name = "TelstraTest-iOS";
			productName = "TelstraTest-iOS";
			productReference = 5971745E2035953A009F2EB3 /* TelstraTest-iOS.app */;
			productType = "com.apple.product-type.application";
		};
		597174742035953B009F2EB3 /* TelstraTest-iOSTests */ = {
			isa = PBXNativeTarget;
			buildConfigurationList = 5971748C2035953B009F2EB3 /* Build configuration list for PBXNativeTarget "TelstraTest-iOSTests" */;
			buildPhases = (
				597174712035953B009F2EB3 /* Sources */,
				597174722035953B009F2EB3 /* Frameworks */,
				597174732035953B009F2EB3 /* Resources */,
			);
			buildRules = (
			);
			dependencies = (
				597174772035953B009F2EB3 /* PBXTargetDependency */,
			);
			name = "TelstraTest-iOSTests";
			productName = "TelstraTest-iOSTests";
			productReference = 597174752035953B009F2EB3 /* TelstraTest-iOSTests.xctest */;
			productType = "com.apple.product-type.bundle.unit-test";
		};
		5971747F2035953B009F2EB3 /* TelstraTest-iOSUITests */ = {
			isa = PBXNativeTarget;
			buildConfigurationList = 5971748F2035953B009F2EB3 /* Build configuration list for PBXNativeTarget "TelstraTest-iOSUITests" */;
			buildPhases = (
				5971747C2035953B009F2EB3 /* Sources */,
				5971747D2035953B009F2EB3 /* Frameworks */,
				5971747E2035953B009F2EB3 /* Resources */,
			);
			buildRules = (
			);
			dependencies = (
				597174822035953B009F2EB3 /* PBXTargetDependency */,
			);
			name = "TelstraTest-iOSUITests";
			productName = "TelstraTest-iOSUITests";
			productReference = 597174802035953B009F2EB3 /* TelstraTest-iOSUITests.xctest */;
			productType = "com.apple.product-type.bundle.ui-testing";
		};
/* End PBXNativeTarget section */

/* Begin PBXProject section */
		597174562035953A009F2EB3 /* Project object */ = {
			isa = PBXProject;
			attributes = {
				LastSwiftUpdateCheck = 0920;
				LastUpgradeCheck = 0920;
				ORGANIZATIONNAME = "Regan Russell";
				TargetAttributes = {
					5971745D2035953A009F2EB3 = {
						CreatedOnToolsVersion = 9.2;
						ProvisioningStyle = Automatic;
					};
					597174742035953B009F2EB3 = {
						CreatedOnToolsVersion = 9.2;
						ProvisioningStyle = Automatic;
						TestTargetID = 5971745D2035953A009F2EB3;
					};
					5971747F2035953B009F2EB3 = {
						CreatedOnToolsVersion = 9.2;
						ProvisioningStyle = Automatic;
						TestTargetID = 5971745D2035953A009F2EB3;
					};
				};
			};
			buildConfigurationList = 597174592035953A009F2EB3 /* Build configuration list for PBXProject "TelstraTest-iOS" */;
			compatibilityVersion = "Xcode 8.0";
			developmentRegion = en;
			hasScannedForEncodings = 0;
			knownRegions = (
				en,
				Base,
			);
			mainGroup = 597174552035953A009F2EB3;
			productRefGroup = 5971745F2035953A009F2EB3 /* Products */;
			projectDirPath = "";
			projectRoot = "";
			targets = (
				5971745D2035953A009F2EB3 /* TelstraTest-iOS */,
				597174742035953B009F2EB3 /* TelstraTest-iOSTests */,
				5971747F2035953B009F2EB3 /* TelstraTest-iOSUITests */,
			);
		};
/* End PBXProject section */

/* Begin PBXResourcesBuildPhase section */
		5971745C2035953A009F2EB3 /* Resources */ = {
			isa = PBXResourcesBuildPhase;
			buildActionMask = 2147483647;
			files = (
				5971746F2035953B009F2EB3 /* LaunchScreen.storyboard in Resources */,
				5971746C2035953B009F2EB3 /* Assets.xcassets in Resources */,
				597174672035953B009F2EB3 /* Main.storyboard in Resources */,
			);
			runOnlyForDeploymentPostprocessing = 0;
		};
		597174732035953B009F2EB3 /* Resources */ = {
			isa = PBXResourcesBuildPhase;
			buildActionMask = 2147483647;
			files = (
			);
			runOnlyForDeploymentPostprocessing = 0;
		};
		5971747E2035953B009F2EB3 /* Resources */ = {
			isa = PBXResourcesBuildPhase;
			buildActionMask = 2147483647;
			files = (
			);
			runOnlyForDeploymentPostprocessing = 0;
		};
/* End PBXResourcesBuildPhase section */

/* Begin PBXSourcesBuildPhase section */
		5971745A2035953A009F2EB3 /* Sources */ = {
			isa = PBXSourcesBuildPhase;
			buildActionMask = 2147483647;
			files = (
				597174642035953A009F2EB3 /* ViewController.swift in Sources */,
				597174622035953A009F2EB3 /* AppDelegate.swift in Sources */,
				5971746A2035953B009F2EB3 /* TelstraTest_iOS.xcdatamodeld in Sources */,
			);
			runOnlyForDeploymentPostprocessing = 0;
		};
		597174712035953B009F2EB3 /* Sources */ = {
			isa = PBXSourcesBuildPhase;
			buildActionMask = 2147483647;
			files = (
				5971747A2035953B009F2EB3 /* TelstraTest_iOSTests.swift in Sources */,
			);
			runOnlyForDeploymentPostprocessing = 0;
		};
		5971747C2035953B009F2EB3 /* Sources */ = {
			isa = PBXSourcesBuildPhase;
			buildActionMask = 2147483647;
			files = (
				597174852035953B009F2EB3 /* TelstraTest_iOSUITests.swift in Sources */,
			);
			runOnlyForDeploymentPostprocessing = 0;
		};
/* End PBXSourcesBuildPhase section */

/* Begin PBXTargetDependency section */
		597174772035953B009F2EB3 /* PBXTargetDependency */ = {
			isa = PBXTargetDependency;
			target = 5971745D2035953A009F2EB3 /* TelstraTest-iOS */;
			targetProxy = 597174762035953B009F2EB3 /* PBXContainerItemProxy */;
		};
		597174822035953B009F2EB3 /* PBXTargetDependency */ = {
			isa = PBXTargetDependency;
			target = 5971745D2035953A009F2EB3 /* TelstraTest-iOS */;
			targetProxy = 597174812035953B009F2EB3 /* PBXContainerItemProxy */;
		};
/* End PBXTargetDependency section */

/* Begin PBXVariantGroup section */
		597174652035953B009F2EB3 /* Main.storyboard */ = {
			isa = PBXVariantGroup;
			children = (
				597174662035953B009F2EB3 /* Base */,
			);
			name = Main.storyboard;
			sourceTree = "<group>";
		};
		5971746D2035953B009F2EB3 /* LaunchScreen.storyboard */ = {
			isa = PBXVariantGroup;
			children = (
				5971746E2035953B009F2EB3 /* Base */,
			);
			name = LaunchScreen.storyboard;
			sourceTree = "<group>";
		};
/* End PBXVariantGroup section */

/* Begin XCBuildConfiguration section */
		597174872035953B009F2EB3 /* Debug */ = {
			isa = XCBuildConfiguration;
			buildSettings = {
				ALWAYS_SEARCH_USER_PATHS = NO;
				CLANG_ANALYZER_NONNULL = YES;
				CLANG_ANALYZER_NUMBER_OBJECT_CONVERSION = YES_AGGRESSIVE;
				CLANG_CXX_LANGUAGE_STANDARD = "gnu++14";
				CLANG_CXX_LIBRARY = "libc++";
				CLANG_ENABLE_MODULES = YES;
				CLANG_ENABLE_OBJC_ARC = YES;
				CLANG_WARN_BLOCK_CAPTURE_AUTORELEASING = YES;
				CLANG_WARN_BOOL_CONVERSION = YES;
				CLANG_WARN_COMMA = YES;
				CLANG_WARN_CONSTANT_CONVERSION = YES;
				CLANG_WARN_DIRECT_OBJC_ISA_USAGE = YES_ERROR;
				CLANG_WARN_DOCUMENTATION_COMMENTS = YES;
				CLANG_WARN_EMPTY_BODY = YES;
				CLANG_WARN_ENUM_CONVERSION = YES;
				CLANG_WARN_INFINITE_RECURSION = YES;
				CLANG_WARN_INT_CONVERSION = YES;
				CLANG_WARN_NON_LITERAL_NULL_CONVERSION = YES;
				CLANG_WARN_OBJC_LITERAL_CONVERSION = YES;
				CLANG_WARN_OBJC_ROOT_CLASS = YES_ERROR;
				CLANG_WARN_RANGE_LOOP_ANALYSIS = YES;
				CLANG_WARN_STRICT_PROTOTYPES = YES;
				CLANG_WARN_SUSPICIOUS_MOVE = YES;
				CLANG_WARN_UNGUARDED_AVAILABILITY = YES_AGGRESSIVE;
				CLANG_WARN_UNREACHABLE_CODE = YES;
				CLANG_WARN__DUPLICATE_METHOD_MATCH = YES;
				CODE_SIGN_IDENTITY = "iPhone Developer";
				COPY_PHASE_STRIP = NO;
				DEBUG_INFORMATION_FORMAT = dwarf;
				ENABLE_STRICT_OBJC_MSGSEND = YES;
				ENABLE_TESTABILITY = YES;
				GCC_C_LANGUAGE_STANDARD = gnu11;
				GCC_DYNAMIC_NO_PIC = NO;
				GCC_NO_COMMON_BLOCKS = YES;
				GCC_OPTIMIZATION_LEVEL = 0;
				GCC_PREPROCESSOR_DEFINITIONS = (
					"DEBUG=1",
					"$(inherited)",
				);
				GCC_WARN_64_TO_32_BIT_CONVERSION = YES;
				GCC_WARN_ABOUT_RETURN_TYPE = YES_ERROR;
				GCC_WARN_UNDECLARED_SELECTOR = YES;
				GCC_WARN_UNINITIALIZED_AUTOS = YES_AGGRESSIVE;
				GCC_WARN_UNUSED_FUNCTION = YES;
				GCC_WARN_UNUSED_VARIABLE = YES;
				IPHONEOS_DEPLOYMENT_TARGET = 11.2;
				MTL_ENABLE_DEBUG_INFO = YES;
				ONLY_ACTIVE_ARCH = YES;
				SDKROOT = iphoneos;
				SWIFT_ACTIVE_COMPILATION_CONDITIONS = DEBUG;
				SWIFT_OPTIMIZATION_LEVEL = "-Onone";
			};
			name = Debug;
		};
		597174882035953B009F2EB3 /* Release */ = {
			isa = XCBuildConfiguration;
			buildSettings = {
				ALWAYS_SEARCH_USER_PATHS = NO;
				CLANG_ANALYZER_NONNULL = YES;
				CLANG_ANALYZER_NUMBER_OBJECT_CONVERSION = YES_AGGRESSIVE;
				CLANG_CXX_LANGUAGE_STANDARD = "gnu++14";
				CLANG_CXX_LIBRARY = "libc++";
				CLANG_ENABLE_MODULES = YES;
				CLANG_ENABLE_OBJC_ARC = YES;
				CLANG_WARN_BLOCK_CAPTURE_AUTORELEASING = YES;
				CLANG_WARN_BOOL_CONVERSION = YES;
				CLANG_WARN_COMMA = YES;
				CLANG_WARN_CONSTANT_CONVERSION = YES;
				CLANG_WARN_DIRECT_OBJC_ISA_USAGE = YES_ERROR;
				CLANG_WARN_DOCUMENTATION_COMMENTS = YES;
				CLANG_WARN_EMPTY_BODY = YES;
				CLANG_WARN_ENUM_CONVERSION = YES;
				CLANG_WARN_INFINITE_RECURSION = YES;
				CLANG_WARN_INT_CONVERSION = YES;
				CLANG_WARN_NON_LITERAL_NULL_CONVERSION = YES;
				CLANG_WARN_OBJC_LITERAL_CONVERSION = YES;
				CLANG_WARN_OBJC_ROOT_CLASS = YES_ERROR;
				CLANG_WARN_RANGE_LOOP_ANALYSIS = YES;
				CLANG_WARN_STRICT_PROTOTYPES = YES;
				CLANG_WARN_SUSPICIOUS_MOVE = YES;
				CLANG_WARN_UNGUARDED_AVAILABILITY = YES_AGGRESSIVE;
				CLANG_WARN_UNREACHABLE_CODE = YES;
				CLANG_WARN__DUPLICATE_METHOD_MATCH = YES;
				CODE_SIGN_IDENTITY = "iPhone Developer";
				COPY_PHASE_STRIP = NO;
				DEBUG_INFORMATION_FORMAT = "dwarf-with-dsym";
				ENABLE_NS_ASSERTIONS = NO;
				ENABLE_STRICT_OBJC_MSGSEND = YES;
				GCC_C_LANGUAGE_STANDARD = gnu11;
				GCC_NO_COMMON_BLOCKS = YES;
				GCC_WARN_64_TO_32_BIT_CONVERSION = YES;
				GCC_WARN_ABOUT_RETURN_TYPE = YES_ERROR;
				GCC_WARN_UNDECLARED_SELECTOR = YES;
				GCC_WARN_UNINITIALIZED_AUTOS = YES_AGGRESSIVE;
				GCC_WARN_UNUSED_FUNCTION = YES;
				GCC_WARN_UNUSED_VARIABLE = YES;
				IPHONEOS_DEPLOYMENT_TARGET = 11.2;
				MTL_ENABLE_DEBUG_INFO = NO;
				SDKROOT = iphoneos;
				SWIFT_OPTIMIZATION_LEVEL = "-Owholemodule";
				VALIDATE_PRODUCT = YES;
			};
			name = Release;
		};
		5971748A2035953B009F2EB3 /* Debug */ = {
			isa = XCBuildConfiguration;
			buildSettings = {
				ASSETCATALOG_COMPILER_APPICON_NAME = AppIcon;
				CODE_SIGN_STYLE = Automatic;
				DEVELOPMENT_TEAM = HUBV63PDP4;
				INFOPLIST_FILE = "TelstraTest-iOS/Info.plist";
				LD_RUNPATH_SEARCH_PATHS = "$(inherited) @executable_path/Frameworks";
				PRODUCT_BUNDLE_IDENTIFIER = "com.pymblesoftware.TelstraTest-iOS";
				PRODUCT_NAME = "$(TARGET_NAME)";
				SWIFT_VERSION = 4.0;
				TARGETED_DEVICE_FAMILY = "1,2";
			};
			name = Debug;
		};
		5971748B2035953B009F2EB3 /* Release */ = {
			isa = XCBuildConfiguration;
			buildSettings = {
				ASSETCATALOG_COMPILER_APPICON_NAME = AppIcon;
				CODE_SIGN_STYLE = Automatic;
				DEVELOPMENT_TEAM = HUBV63PDP4;
				INFOPLIST_FILE = "TelstraTest-iOS/Info.plist";
				LD_RUNPATH_SEARCH_PATHS = "$(inherited) @executable_path/Frameworks";
				PRODUCT_BUNDLE_IDENTIFIER = "com.pymblesoftware.TelstraTest-iOS";
				PRODUCT_NAME = "$(TARGET_NAME)";
				SWIFT_VERSION = 4.0;
				TARGETED_DEVICE_FAMILY = "1,2";
			};
			name = Release;
		};
		5971748D2035953B009F2EB3 /* Debug */ = {
			isa = XCBuildConfiguration;
			buildSettings = {
				ALWAYS_EMBED_SWIFT_STANDARD_LIBRARIES = YES;
				BUNDLE_LOADER = "$(TEST_HOST)";
				CODE_SIGN_STYLE = Automatic;
				DEVELOPMENT_TEAM = HUBV63PDP4;
				INFOPLIST_FILE = "TelstraTest-iOSTests/Info.plist";
				LD_RUNPATH_SEARCH_PATHS = "$(inherited) @executable_path/Frameworks @loader_path/Frameworks";
				PRODUCT_BUNDLE_IDENTIFIER = "com.pymblesoftware.TelstraTest-iOSTests";
				PRODUCT_NAME = "$(TARGET_NAME)";
				SWIFT_VERSION = 4.0;
				TARGETED_DEVICE_FAMILY = "1,2";
				TEST_HOST = "$(BUILT_PRODUCTS_DIR)/TelstraTest-iOS.app/TelstraTest-iOS";
			};
			name = Debug;
		};
		5971748E2035953B009F2EB3 /* Release */ = {
			isa = XCBuildConfiguration;
			buildSettings = {
				ALWAYS_EMBED_SWIFT_STANDARD_LIBRARIES = YES;
				BUNDLE_LOADER = "$(TEST_HOST)";
				CODE_SIGN_STYLE = Automatic;
				DEVELOPMENT_TEAM = HUBV63PDP4;
				INFOPLIST_FILE = "TelstraTest-iOSTests/Info.plist";
				LD_RUNPATH_SEARCH_PATHS = "$(inherited) @executable_path/Frameworks @loader_path/Frameworks";
				PRODUCT_BUNDLE_IDENTIFIER = "com.pymblesoftware.TelstraTest-iOSTests";
				PRODUCT_NAME = "$(TARGET_NAME)";
				SWIFT_VERSION = 4.0;
				TARGETED_DEVICE_FAMILY = "1,2";
				TEST_HOST = "$(BUILT_PRODUCTS_DIR)/TelstraTest-iOS.app/TelstraTest-iOS";
			};
			name = Release;
		};
		597174902035953B009F2EB3 /* Debug */ = {
			isa = XCBuildConfiguration;
			buildSettings = {
				ALWAYS_EMBED_SWIFT_STANDARD_LIBRARIES = YES;
				CODE_SIGN_STYLE = Automatic;
				DEVELOPMENT_TEAM = HUBV63PDP4;
				INFOPLIST_FILE = "TelstraTest-iOSUITests/Info.plist";
				LD_RUNPATH_SEARCH_PATHS = "$(inherited) @executable_path/Frameworks @loader_path/Frameworks";
				PRODUCT_BUNDLE_IDENTIFIER = "com.pymblesoftware.TelstraTest-iOSUITests";
				PRODUCT_NAME = "$(TARGET_NAME)";
				SWIFT_VERSION = 4.0;
				TARGETED_DEVICE_FAMILY = "1,2";
				TEST_TARGET_NAME = "TelstraTest-iOS";
			};
			name = Debug;
		};
		597174912035953B009F2EB3 /* Release */ = {
			isa = XCBuildConfiguration;
			buildSettings = {
				ALWAYS_EMBED_SWIFT_STANDARD_LIBRARIES = YES;
				CODE_SIGN_STYLE = Automatic;
				DEVELOPMENT_TEAM = HUBV63PDP4;
				INFOPLIST_FILE = "TelstraTest-iOSUITests/Info.plist";
				LD_RUNPATH_SEARCH_PATHS = "$(inherited) @executable_path/Frameworks @loader_path/Frameworks";
				PRODUCT_BUNDLE_IDENTIFIER = "com.pymblesoftware.TelstraTest-iOSUITests";
				PRODUCT_NAME = "$(TARGET_NAME)";
				SWIFT_VERSION = 4.0;
				TARGETED_DEVICE_FAMILY = "1,2";
				TEST_TARGET_NAME = "TelstraTest-iOS";
			};
			name = Release;
		};
/* End XCBuildConfiguration section */

/* Begin XCConfigurationList section */
		597174592035953A009F2EB3 /* Build configuration list for PBXProject "TelstraTest-iOS" */ = {
			isa = XCConfigurationList;
			buildConfigurations = (
				597174872035953B009F2EB3 /* Debug */,
				597174882035953B009F2EB3 /* Release */,
			);
			defaultConfigurationIsVisible = 0;
			defaultConfigurationName = Release;
		};
		597174892035953B009F2EB3 /* Build configuration list for PBXNativeTarget "TelstraTest-iOS" */ = {
			isa = XCConfigurationList;
			buildConfigurations = (
				5971748A2035953B009F2EB3 /* Debug */,
				5971748B2035953B009F2EB3 /* Release */,
			);
			defaultConfigurationIsVisible = 0;
			defaultConfigurationName = Release;
		};
		5971748C2035953B009F2EB3 /* Build configuration list for PBXNativeTarget "TelstraTest-iOSTests" */ = {
			isa = XCConfigurationList;
			buildConfigurations = (
				5971748D2035953B009F2EB3 /* Debug */,
				5971748E2035953B009F2EB3 /* Release */,
			);
			defaultConfigurationIsVisible = 0;
			defaultConfigurationName = Release;
		};
		5971748F2035953B009F2EB3 /* Build configuration list for PBXNativeTarget "TelstraTest-iOSUITests" */ = {
			isa = XCConfigurationList;
			buildConfigurations = (
				597174902035953B009F2EB3 /* Debug */,
				597174912035953B009F2EB3 /* Release */,
			);
			defaultConfigurationIsVisible = 0;
			defaultConfigurationName = Release;
		};
/* End XCConfigurationList section */

/* Begin XCVersionGroup section */
		597174682035953B009F2EB3 /* TelstraTest_iOS.xcdatamodeld */ = {
			isa = XCVersionGroup;
			children = (
				597174692035953B009F2EB3 /* TelstraTest_iOS.xcdatamodel */,
			);
			currentVersion = 597174692035953B009F2EB3 /* TelstraTest_iOS.xcdatamodel */;
			path = TelstraTest_iOS.xcdatamodeld;
			sourceTree = "<group>";
			versionGroupType = wrapper.xcdatamodel;
		};
/* End XCVersionGroup section */
	};
	rootObject = 597174562035953A009F2EB3 /* Project object */;
}
